PODS:
  - Alamofire (4.9.1)
  - CPF-CNPJ-Validator (1.0.2)
  - CreditCardValidator (0.5.3)
  - SwiftCurrency (0.6.1)

DEPENDENCIES:
  - Alamofire (~> 4.5)
  - CPF-CNPJ-Validator (~> 1.0)
  - CreditCardValidator (~> 0.4)
  - SwiftCurrency (~> 0.6.0)

SPEC REPOS:
  trunk:
    - Alamofire
    - CPF-CNPJ-Validator
    - CreditCardValidator
    - SwiftCurrency

SPEC CHECKSUMS:
  Alamofire: 85e8a02c69d6020a0d734f6054870d7ecb75cf18
  CPF-CNPJ-Validator: 0b08069595da2c4b20e964b743bfc0a7334d5347
  CreditCardValidator: 8306e89b1092e03a146c1bd40943cff09e816772
  SwiftCurrency: cf8da94bb44838a5d486ca17b9a9253a60c28e04

PODFILE CHECKSUM: 4c03ae476f56cab0b9468dd10f6089d1afa23617

COCOAPODS: 1.11.3
